
Microsoft Visual Studio Solution File, Format Version 12.00
# Visual Studio Version 16
VisualStudioVersion = 16.0.31702.278
MinimumVisualStudioVersion = 10.0.40219.1
Project("{FAE04EC0-301F-11D3-BF4B-00C04F79EFBC}") = "CalculationLibrary", "CalculationLibrary\CalculationLibrary.csproj", "{27FE8848-C49C-41AE-952C-D6484262E06B}"
EndProject
Project("{FAE04EC0-301F-11D3-BF4B-00C04F79EFBC}") = "CalculationLibrary.Tests", "CalculationLibrary.Tests\CalculationLibrary.Tests.csproj", "{EFFC68F9-B192-45F0-B360-AAF44C8959F2}"
EndProject
Global
	GlobalSection(SolutionConfigurationPlatforms) = preSolution
		Debug|Any CPU = Debug|Any CPU
		Release|Any CPU = Release|Any CPU
	EndGlobalSection
	GlobalSection(ProjectConfigurationPlatforms) = postSolution
		{27FE8848-C49C-41AE-952C-D6484262E06B}.Debug|Any CPU.ActiveCfg = Debug|Any CPU
		{27FE8848-C49C-41AE-952C-D6484262E06B}.Debug|Any CPU.Build.0 = Debug|Any CPU
		{27FE8848-C49C-41AE-952C-D6484262E06B}.Release|Any CPU.ActiveCfg = Release|Any CPU
		{27FE8848-C49C-41AE-952C-D6484262E06B}.Release|Any CPU.Build.0 = Release|Any CPU
		{EFFC68F9-B192-45F0-B360-AAF44C8959F2}.Debug|Any CPU.ActiveCfg = Debug|Any CPU
		{EFFC68F9-B192-45F0-B360-AAF44C8959F2}.Debug|Any CPU.Build.0 = Debug|Any CPU
		{EFFC68F9-B192-45F0-B360-AAF44C8959F2}.Release|Any CPU.ActiveCfg = Release|Any CPU
		{EFFC68F9-B192-45F0-B360-AAF44C8959F2}.Release|Any CPU.Build.0 = Release|Any CPU
	EndGlobalSection
	GlobalSection(SolutionProperties) = preSolution
		HideSolutionNode = FALSE
	EndGlobalSection
	GlobalSection(ExtensibilityGlobals) = postSolution
		SolutionGuid = {4CC4FC56-7800-4DED-8A17-0EB39A12D1E0}
	EndGlobalSection
EndGlobal
